hash: bbe09da219405cc7602ca1c5e95f0c9475e0b1e3927d8765fcddf3f5b9425cc5
updated: 2017-01-13T14:06:40.100892076Z
imports: []
testImports:
- name: github.com/gopherjs/gopherjs
  version: dcd7ed070932688cbd543449d96aaae225ffd90c
  subpackages:
  - js
- name: github.com/jtolds/gls
  version: bb0351aa7eb6f322f32667d51375f26a2bca6628
- name: github.com/smartystreets/assertions
  version: 26acb9229f421449ac63d014995b282d59261a8b
  subpackages:
  - internal/go-render/render
  - internal/oglematchers
- name: github.com/smartystreets/goconvey
  version: d4c757aa9afd1e2fc1832aaab209b5794eb336e1
  subpackages:
  - convey
  - convey/gotest
  - convey/reporting
